
Microsoft Visual Studio Solution File, Format Version 12.00
# Visual Studio Version 17
VisualStudioVersion = 17.5.002.0
MinimumVisualStudioVersion = 10.0.40219.1
Project("{9A19103F-16F7-4668-BE54-9A1E7A4F7556}") = "SoapDotnet", "SoapDotnet.csproj", "{75D28C99-C4A7-4B06-B6D3-9340A2955F6C}"
EndProject
Global
	GlobalSection(SolutionConfigurationPlatforms) = preSolution
		Debug|Any CPU = Debug|Any CPU
		Release|Any CPU = Release|Any CPU
	EndGlobalSection
	GlobalSection(ProjectConfigurationPlatforms) = postSolution
		{75D28C99-C4A7-4B06-B6D3-9340A2955F6C}.Debug|Any CPU.ActiveCfg = Debug|Any CPU
		{75D28C99-C4A7-4B06-B6D3-9340A2955F6C}.Debug|Any CPU.Build.0 = Debug|Any CPU
		{75D28C99-C4A7-4B06-B6D3-9340A2955F6C}.Release|Any CPU.ActiveCfg = Release|Any CPU
		{75D28C99-C4A7-4B06-B6D3-9340A2955F6C}.Release|Any CPU.Build.0 = Release|Any CPU
	EndGlobalSection
	GlobalSection(SolutionProperties) = preSolution
		HideSolutionNode = FALSE
	EndGlobalSection
	GlobalSection(ExtensibilityGlobals) = postSolution
		SolutionGuid = {B23C4694-64C9-458F-A632-8573F19A1FE4}
	EndGlobalSection
EndGlobal
